// !$*UTF8*$!
{
	archiveVersion = 1;
	classes = {
	};
	objectVersion = 46;
	objects = {

/* Begin PBXBuildFile section */
		BE675B331AFF392100D88ED2 /* AppDelegate.swift in Sources */ = {isa = PBXBuildFile; fileRef = BE675B321AFF392100D88ED2 /* AppDelegate.swift */; };
		BE675B351AFF392100D88ED2 /* ViewController.swift in Sources */ = {isa = PBXBuildFile; fileRef = BE675B341AFF392100D88ED2 /* ViewController.swift */; };
		BE675B381AFF392100D88ED2 /* Main.storyboard in Resources */ = {isa = PBXBuildFile; fileRef = BE675B361AFF392100D88ED2 /* Main.storyboard */; };
		BE675B3A1AFF392100D88ED2 /* Images.xcassets in Resources */ = {isa = PBXBuildFile; fileRef = BE675B391AFF392100D88ED2 /* Images.xcassets */; };
		BE675B3D1AFF392100D88ED2 /* LaunchScreen.xib in Resources */ = {isa = PBXBuildFile; fileRef = BE675B3B1AFF392100D88ED2 /* LaunchScreen.xib */; };
		BE675B491AFF392100D88ED2 /* FlexMonkeyExamplesTests.swift in Sources */ = {isa = PBXBuildFile; fileRef = BE675B481AFF392100D88ED2 /* FlexMonkeyExamplesTests.swift */; };
/* End PBXBuildFile section */

/* Begin PBXContainerItemProxy section */
		BE675B431AFF392100D88ED2 /* PBXContainerItemProxy */ = {
			isa = PBXContainerItemProxy;
			containerPortal = BE675B251AFF392100D88ED2 /* Project object */;
			proxyType = 1;
			remoteGlobalIDString = BE675B2C1AFF392100D88ED2;
			remoteInfo = FlexMonkeyExamples;
		};
/* End PBXContainerItemProxy section */

/* Begin PBXFileReference section */
		BE675B2D1AFF392100D88ED2 /* FlexMonkeyExamples.app */ = {isa = PBXFileReference; explicitFileType = wrapper.application; includeInIndex = 0; path = FlexMonkeyExamples.app; sourceTree = BUILT_PRODUCTS_DIR; };
		BE675B311AFF392100D88ED2 /* Info.plist */ = {isa = PBXFileReference; lastKnownFileType = text.plist.xml; path = Info.plist; sourceTree = "<group>"; };
		BE675B321AFF392100D88ED2 /* AppDelegate.swift */ = {isa = PBXFileReference; lastKnownFileType = sourcecode.swift; path = AppDelegate.swift; sourceTree = "<group>"; };
		BE675B341AFF392100D88ED2 /* ViewController.swift */ = {isa = PBXFileReference; lastKnownFileType = sourcecode.swift; path = ViewController.swift; sourceTree = "<group>"; };
		BE675B371AFF392100D88ED2 /* Base */ = {isa = PBXFileReference; lastKnownFileType = file.storyboard; name = Base; path = Base.lproj/Main.storyboard; sourceTree = "<group>"; };
		BE675B391AFF392100D88ED2 /* Images.xcassets */ = {isa = PBXFileReference; lastKnownFileType = folder.assetcatalog; path = Images.xcassets; sourceTree = "<group>"; };
		BE675B3C1AFF392100D88ED2 /* Base */ = {isa = PBXFileReference; lastKnownFileType = file.xib; name = Base; path = Base.lproj/LaunchScreen.xib; sourceTree = "<group>"; };
		BE675B421AFF392100D88ED2 /* FlexMonkeyExamplesTests.xctest */ = {isa = PBXFileReference; explicitFileType = wrapper.cfbundle; includeInIndex = 0; path = FlexMonkeyExamplesTests.xctest; sourceTree = BUILT_PRODUCTS_DIR; };
		BE675B471AFF392100D88ED2 /* Info.plist */ = {isa = PBXFileReference; lastKnownFileType = text.plist.xml; path = Info.plist; sourceTree = "<group>"; };
		BE675B481AFF392100D88ED2 /* FlexMonkeyExamplesTests.swift */ = {isa = PBXFileReference; lastKnownFileType = sourcecode.swift; path = FlexMonkeyExamplesTests.swift; sourceTree = "<group>"; };
/* End PBXFileReference section */

/* Begin PBXFrameworksBuildPhase section */
		BE675B2A1AFF392100D88ED2 /* Frameworks */ = {
			isa = PBXFrameworksBuildPhase;
			buildActionMask = 2147483647;
			files = (
			);
			runOnlyForDeploymentPostprocessing = 0;
		};
		BE675B3F1AFF392100D88ED2 /* Frameworks */ = {
			isa = PBXFrameworksBuildPhase;
			buildActionMask = 2147483647;
			files = (
			);
			runOnlyForDeploymentPostprocessing = 0;
		};
/* End PBXFrameworksBuildPhase section */

/* Begin PBXGroup section */
		BE675B241AFF392100D88ED2 = {
			isa = PBXGroup;
			children = (
				BE675B2F1AFF392100D88ED2 /* FlexMonkeyExamples */,
				BE675B451AFF392100D88ED2 /* FlexMonkeyExamplesTests */,
				BE675B2E1AFF392100D88ED2 /* Products */,
			);
			sourceTree = "<group>";
		};
		BE675B2E1AFF392100D88ED2 /* Products */ = {
			isa = PBXGroup;
			children = (
				BE675B2D1AFF392100D88ED2 /* FlexMonkeyExamples.app */,
				BE675B421AFF392100D88ED2 /* FlexMonkeyExamplesTests.xctest */,
			);
			name = Products;
			sourceTree = "<group>";
		};
		BE675B2F1AFF392100D88ED2 /* FlexMonkeyExamples */ = {
			isa = PBXGroup;
			children = (
				BE675B321AFF392100D88ED2 /* AppDelegate.swift */,
				BE675B341AFF392100D88ED2 /* ViewController.swift */,
				BE675B361AFF392100D88ED2 /* Main.storyboard */,
				BE675B391AFF392100D88ED2 /* Images.xcassets */,
				BE675B3B1AFF392100D88ED2 /* LaunchScreen.xib */,
				BE675B301AFF392100D88ED2 /* Supporting Files */,
			);
			path = FlexMonkeyExamples;
			sourceTree = "<group>";
		};
		BE675B301AFF392100D88ED2 /* Supporting Files */ = {
			isa = PBXGroup;
			children = (
				BE675B311AFF392100D88ED2 /* Info.plist */,
			);
			name = "Supporting Files";
			sourceTree = "<group>";
		};
		BE675B451AFF392100D88ED2 /* FlexMonkeyExamplesTests */ = {
			isa = PBXGroup;
			children = (
				BE675B481AFF392100D88ED2 /* FlexMonkeyExamplesTests.swift */,
				BE675B461AFF392100D88ED2 /* Supporting Files */,
			);
			path = FlexMonkeyExamplesTests;
			sourceTree = "<group>";
		};
		BE675B461AFF392100D88ED2 /* Supporting Files */ = {
			isa = PBXGroup;
			children = (
				BE675B471AFF392100D88ED2 /* Info.plist */,
			);
			name = "Supporting Files";
			sourceTree = "<group>";
		};
/* End PBXGroup section */

/* Begin PBXNativeTarget section */
		BE675B2C1AFF392100D88ED2 /* FlexMonkeyExamples */ = {
			isa = PBXNativeTarget;
			buildConfigurationList = BE675B4C1AFF392100D88ED2 /* Build configuration list for PBXNativeTarget "FlexMonkeyExamples" */;
			buildPhases = (
				BE675B291AFF392100D88ED2 /* Sources */,
				BE675B2A1AFF392100D88ED2 /* Frameworks */,
				BE675B2B1AFF392100D88ED2 /* Resources */,
			);
			buildRules = (
			);
			dependencies = (
			);
			name = FlexMonkeyExamples;
			productName = FlexMonkeyExamples;
			productReference = BE675B2D1AFF392100D88ED2 /* FlexMonkeyExamples.app */;
			productType = "com.apple.product-type.application";
		};
		BE675B411AFF392100D88ED2 /* FlexMonkeyExamplesTests */ = {
			isa = PBXNativeTarget;
			buildConfigurationList = BE675B4F1AFF392100D88ED2 /* Build configuration list for PBXNativeTarget "FlexMonkeyExamplesTests" */;
			buildPhases = (
				BE675B3E1AFF392100D88ED2 /* Sources */,
				BE675B3F1AFF392100D88ED2 /* Frameworks */,
				BE675B401AFF392100D88ED2 /* Resources */,
			);
			buildRules = (
			);
			dependencies = (
				BE675B441AFF392100D88ED2 /* PBXTargetDependency */,
			);
			name = FlexMonkeyExamplesTests;
			productName = FlexMonkeyExamplesTests;
			productReference = BE675B421AFF392100D88ED2 /* FlexMonkeyExamplesTests.xctest */;
			productType = "com.apple.product-type.bundle.unit-test";
		};
/* End PBXNativeTarget section */

/* Begin PBXProject section */
		BE675B251AFF392100D88ED2 /* Project object */ = {
			isa = PBXProject;
			attributes = {
				LastUpgradeCheck = 0630;
				ORGANIZATIONNAME = "Simon Gladman";
				TargetAttributes = {
					BE675B2C1AFF392100D88ED2 = {
						CreatedOnToolsVersion = 6.3.1;
					};
					BE675B411AFF392100D88ED2 = {
						CreatedOnToolsVersion = 6.3.1;
						TestTargetID = BE675B2C1AFF392100D88ED2;
					};
				};
			};
			buildConfigurationList = BE675B281AFF392100D88ED2 /* Build configuration list for PBXProject "FlexMonkeyExamples" */;
			compatibilityVersion = "Xcode 3.2";
			developmentRegion = English;
			hasScannedForEncodings = 0;
			knownRegions = (
				en,
				Base,
			);
			mainGroup = BE675B241AFF392100D88ED2;
			productRefGroup = BE675B2E1AFF392100D88ED2 /* Products */;
			projectDirPath = "";
			projectRoot = "";
			targets = (
				BE675B2C1AFF392100D88ED2 /* FlexMonkeyExamples */,
				BE675B411AFF392100D88ED2 /* FlexMonkeyExamplesTests */,
			);
		};
/* End PBXProject section */

/* Begin PBXResourcesBuildPhase section */
		BE675B2B1AFF392100D88ED2 /* Resources */ = {
			isa = PBXResourcesBuildPhase;
			buildActionMask = 2147483647;
			files = (
				BE675B381AFF392100D88ED2 /* Main.storyboard in Resources */,
				BE675B3D1AFF392100D88ED2 /* LaunchScreen.xib in Resources */,
				BE675B3A1AFF392100D88ED2 /* Images.xcassets in Resources */,
			);
			runOnlyForDeploymentPostprocessing = 0;
		};
		BE675B401AFF392100D88ED2 /* Resources */ = {
			isa = PBXResourcesBuildPhase;
			buildActionMask = 2147483647;
			files = (
			);
			runOnlyForDeploymentPostprocessing = 0;
		};
/* End PBXResourcesBuildPhase section */

/* Begin PBXSourcesBuildPhase section */
		BE675B291AFF392100D88ED2 /* Sources */ = {
			isa = PBXSourcesBuildPhase;
			buildActionMask = 2147483647;
			files = (
				BE675B351AFF392100D88ED2 /* ViewController.swift in Sources */,
				BE675B331AFF392100D88ED2 /* AppDelegate.swift in Sources */,
			);
			runOnlyForDeploymentPostprocessing = 0;
		};
		BE675B3E1AFF392100D88ED2 /* Sources */ = {
			isa = PBXSourcesBuildPhase;
			buildActionMask = 2147483647;
			files = (
				BE675B491AFF392100D88ED2 /* FlexMonkeyExamplesTests.swift in Sources */,
			);
			runOnlyForDeploymentPostprocessing = 0;
		};
/* End PBXSourcesBuildPhase section */

/* Begin PBXTargetDependency section */
		BE675B441AFF392100D88ED2 /* PBXTargetDependency */ = {
			isa = PBXTargetDependency;
			target = BE675B2C1AFF392100D88ED2 /* FlexMonkeyExamples */;
			targetProxy = BE675B431AFF392100D88ED2 /* PBXContainerItemProxy */;
		};
/* End PBXTargetDependency section */

/* Begin PBXVariantGroup section */
		BE675B361AFF392100D88ED2 /* Main.storyboard */ = {
			isa = PBXVariantGroup;
			children = (
				BE675B371AFF392100D88ED2 /* Base */,
			);
			name = Main.storyboard;
			sourceTree = "<group>";
		};
		BE675B3B1AFF392100D88ED2 /* LaunchScreen.xib */ = {
			isa = PBXVariantGroup;
			children = (
				BE675B3C1AFF392100D88ED2 /* Base */,
			);
			name = LaunchScreen.xib;
			sourceTree = "<group>";
		};
/* End PBXVariantGroup section */

/* Begin XCBuildConfiguration section */
		BE675B4A1AFF392100D88ED2 /* Debug */ = {
			isa = XCBuildConfiguration;
			buildSettings = {
				ALWAYS_SEARCH_USER_PATHS = NO;
				CLANG_CXX_LANGUAGE_STANDARD = "gnu++0x";
				CLANG_CXX_LIBRARY = "libc++";
				CLANG_ENABLE_MODULES = YES;
				CLANG_ENABLE_OBJC_ARC = YES;
				CLANG_WARN_BOOL_CONVERSION = YES;
				CLANG_WARN_CONSTANT_CONVERSION = YES;
				CLANG_WARN_DIRECT_OBJC_ISA_USAGE = YES_ERROR;
				CLANG_WARN_EMPTY_BODY = YES;
				CLANG_WARN_ENUM_CONVERSION = YES;
				CLANG_WARN_INT_CONVERSION = YES;
				CLANG_WARN_OBJC_ROOT_CLASS = YES_ERROR;
				CLANG_WARN_UNREACHABLE_CODE = YES;
				CLANG_WARN__DUPLICATE_METHOD_MATCH = YES;
				"CODE_SIGN_IDENTITY[sdk=iphoneos*]" = "iPhone Developer";
				COPY_PHASE_STRIP = NO;
				DEBUG_INFORMATION_FORMAT = "dwarf-with-dsym";
				ENABLE_STRICT_OBJC_MSGSEND = YES;
				GCC_C_LANGUAGE_STANDARD = gnu99;
				GCC_DYNAMIC_NO_PIC = NO;
				GCC_NO_COMMON_BLOCKS = YES;
				GCC_OPTIMIZATION_LEVEL = 0;
				GCC_PREPROCESSOR_DEFINITIONS = (
					"DEBUG=1",
					"$(inherited)",
				);
				GCC_SYMBOLS_PRIVATE_EXTERN = NO;
				GCC_WARN_64_TO_32_BIT_CONVERSION = YES;
				GCC_WARN_ABOUT_RETURN_TYPE = YES_ERROR;
				GCC_WARN_UNDECLARED_SELECTOR = YES;
				GCC_WARN_UNINITIALIZED_AUTOS = YES_AGGRESSIVE;
				GCC_WARN_UNUSED_FUNCTION = YES;
				GCC_WARN_UNUSED_VARIABLE = YES;
				IPHONEOS_DEPLOYMENT_TARGET = 8.3;
				MTL_ENABLE_DEBUG_INFO = YES;
				ONLY_ACTIVE_ARCH = YES;
				SDKROOT = iphoneos;
				SWIFT_OPTIMIZATION_LEVEL = "-Onone";
				TARGETED_DEVICE_FAMILY = 2;
			};
			name = Debug;
		};
		BE675B4B1AFF392100D88ED2 /* Release */ = {
			isa = XCBuildConfiguration;
			buildSettings = {
				ALWAYS_SEARCH_USER_PATHS = NO;
				CLANG_CXX_LANGUAGE_STANDARD = "gnu++0x";
				CLANG_CXX_LIBRARY = "libc++";
				CLANG_ENABLE_MODULES = YES;
				CLANG_ENABLE_OBJC_ARC = YES;
				CLANG_WARN_BOOL_CONVERSION = YES;
				CLANG_WARN_CONSTANT_CONVERSION = YES;
				CLANG_WARN_DIRECT_OBJC_ISA_USAGE = YES_ERROR;
				CLANG_WARN_EMPTY_BODY = YES;
				CLANG_WARN_ENUM_CONVERSION = YES;
				CLANG_WARN_INT_CONVERSION = YES;
				CLANG_WARN_OBJC_ROOT_CLASS = YES_ERROR;
				CLANG_WARN_UNREACHABLE_CODE = YES;
				CLANG_WARN__DUPLICATE_METHOD_MATCH = YES;
				"CODE_SIGN_IDENTITY[sdk=iphoneos*]" = "iPhone Developer";
				COPY_PHASE_STRIP = NO;
				DEBUG_INFORMATION_FORMAT = "dwarf-with-dsym";
				ENABLE_NS_ASSERTIONS = NO;
				ENABLE_STRICT_OBJC_MSGSEND = YES;
				GCC_C_LANGUAGE_STANDARD = gnu99;
				GCC_NO_COMMON_BLOCKS = YES;
				GCC_WARN_64_TO_32_BIT_CONVERSION = YES;
				GCC_WARN_ABOUT_RETURN_TYPE = YES_ERROR;
				GCC_WARN_UNDECLARED_SELECTOR = YES;
				GCC_WARN_UNINITIALIZED_AUTOS = YES_AGGRESSIVE;
				GCC_WARN_UNUSED_FUNCTION = YES;
				GCC_WARN_UNUSED_VARIABLE = YES;
				IPHONEOS_DEPLOYMENT_TARGET = 8.3;
				MTL_ENABLE_DEBUG_INFO = NO;
				SDKROOT = iphoneos;
				TARGETED_DEVICE_FAMILY = 2;
				VALIDATE_PRODUCT = YES;
			};
			name = Release;
		};
		BE675B4D1AFF392100D88ED2 /* Debug */ = {
			isa = XCBuildConfiguration;
			buildSettings = {
				ASSETCATALOG_COMPILER_APPICON_NAME = AppIcon;
				INFOPLIST_FILE = FlexMonkeyExamples/Info.plist;
				LD_RUNPATH_SEARCH_PATHS = "$(inherited) @executable_path/Frameworks";
				PRODUCT_NAME = "$(TARGET_NAME)";
			};
			name = Debug;
		};
		BE675B4E1AFF392100D88ED2 /* Release */ = {
			isa = XCBuildConfiguration;
			buildSettings = {
				ASSETCATALOG_COMPILER_APPICON_NAME = AppIcon;
				INFOPLIST_FILE = FlexMonkeyExamples/Info.plist;
				LD_RUNPATH_SEARCH_PATHS = "$(inherited) @executable_path/Frameworks";
				PRODUCT_NAME = "$(TARGET_NAME)";
			};
			name = Release;
		};
		BE675B501AFF392100D88ED2 /* Debug */ = {
			isa = XCBuildConfiguration;
			buildSettings = {
				BUNDLE_LOADER = "$(TEST_HOST)";
				FRAMEWORK_SEARCH_PATHS = (
					"$(SDKROOT)/Developer/Library/Frameworks",
					"$(inherited)",
				);
				GCC_PREPROCESSOR_DEFINITIONS = (
					"DEBUG=1",
					"$(inherited)",
				);
				INFOPLIST_FILE = FlexMonkeyExamplesTests/Info.plist;
				LD_RUNPATH_SEARCH_PATHS = "$(inherited) @executable_path/Frameworks @loader_path/Frameworks";
				PRODUCT_NAME = "$(TARGET_NAME)";
				TEST_HOST = "$(BUILT_PRODUCTS_DIR)/FlexMonkeyExamples.app/FlexMonkeyExamples";
			};
			name = Debug;
		};
		BE675B511AFF392100D88ED2 /* Release */ = {
			isa = XCBuildConfiguration;
			buildSettings = {
				BUNDLE_LOADER = "$(TEST_HOST)";
				FRAMEWORK_SEARCH_PATHS = (
					"$(SDKROOT)/Developer/Library/Frameworks",
					"$(inherited)",
				);
				INFOPLIST_FILE = FlexMonkeyExamplesTests/Info.plist;
				LD_RUNPATH_SEARCH_PATHS = "$(inherited) @executable_path/Frameworks @loader_path/Frameworks";
				PRODUCT_NAME = "$(TARGET_NAME)";
				TEST_HOST = "$(BUILT_PRODUCTS_DIR)/FlexMonkeyExamples.app/FlexMonkeyExamples";
			};
			name = Release;
		};
/* End XCBuildConfiguration section */

/* Begin XCConfigurationList section */
		BE675B281AFF392100D88ED2 /* Build configuration list for PBXProject "FlexMonkeyExamples" */ = {
			isa = XCConfigurationList;
			buildConfigurations = (
				BE675B4A1AFF392100D88ED2 /* Debug */,
				BE675B4B1AFF392100D88ED2 /* Release */,
			);
			defaultConfigurationIsVisible = 0;
			defaultConfigurationName = Release;
		};
		BE675B4C1AFF392100D88ED2 /* Build configuration list for PBXNativeTarget "FlexMonkeyExamples" */ = {
			isa = XCConfigurationList;
			buildConfigurations = (
				BE675B4D1AFF392100D88ED2 /* Debug */,
				BE675B4E1AFF392100D88ED2 /* Release */,
			);
			defaultConfigurationIsVisible = 0;
		};
		BE675B4F1AFF392100D88ED2 /* Build configuration list for PBXNativeTarget "FlexMonkeyExamplesTests" */ = {
			isa = XCConfigurationList;
			buildConfigurations = (
				BE675B501AFF392100D88ED2 /* Debug */,
				BE675B511AFF392100D88ED2 /* Release */,
			);
			defaultConfigurationIsVisible = 0;
		};
/* End XCConfigurationList section */
	};
	rootObject = BE675B251AFF392100D88ED2 /* Project object */;
}
